
Microsoft Visual Studio Solution File, Format Version 12.00
# Visual Studio Version 16
VisualStudioVersion = 16.0.30804.86
MinimumVisualStudioVersion = 10.0.40219.1
Project("{FAE04EC0-301F-11D3-BF4B-00C04F79EFBC}") = "PlanetaryDevastation", "PlanetaryDevastation.csproj", "{BA802DD8-2210-49F8-83FC-DFF9870A6196}"
EndProject
Global
	GlobalSection(SolutionConfigurationPlatforms) = preSolution
		Debug|Any CPU = Debug|Any CPU
		Release|Any CPU = Release|Any CPU
	EndGlobalSection
	GlobalSection(ProjectConfigurationPlatforms) = postSolution
		{BA802DD8-2210-49F8-83FC-DFF9870A6196}.Debug|Any CPU.ActiveCfg = Debug|Any CPU
		{BA802DD8-2210-49F8-83FC-DFF9870A6196}.Debug|Any CPU.Build.0 = Debug|Any CPU
		{BA802DD8-2210-49F8-83FC-DFF9870A6196}.Release|Any CPU.ActiveCfg = Release|Any CPU
		{BA802DD8-2210-49F8-83FC-DFF9870A6196}.Release|Any CPU.Build.0 = Release|Any CPU
	EndGlobalSection
	GlobalSection(SolutionProperties) = preSolution
		HideSolutionNode = FALSE
	EndGlobalSection
	GlobalSection(ExtensibilityGlobals) = postSolution
		SolutionGuid = {F0410EF7-54B0-428A-89C4-F81519FAF8D3}
	EndGlobalSection
EndGlobal
