
Microsoft Visual Studio Solution File, Format Version 12.00
# Visual Studio Version 16
VisualStudioVersion = 16.0.30804.86
MinimumVisualStudioVersion = 10.0.40219.1
Project("{FAE04EC0-301F-11D3-BF4B-00C04F79EFBC}") = "EightInnerGates", "EightInnerGates.csproj", "{365B43AB-C603-417D-891D-33340127D3C9}"
EndProject
Global
	GlobalSection(SolutionConfigurationPlatforms) = preSolution
		Debug|Any CPU = Debug|Any CPU
		Release|Any CPU = Release|Any CPU
	EndGlobalSection
	GlobalSection(ProjectConfigurationPlatforms) = postSolution
		{365B43AB-C603-417D-891D-33340127D3C9}.Debug|Any CPU.ActiveCfg = Debug|Any CPU
		{365B43AB-C603-417D-891D-33340127D3C9}.Debug|Any CPU.Build.0 = Debug|Any CPU
		{365B43AB-C603-417D-891D-33340127D3C9}.Release|Any CPU.ActiveCfg = Release|Any CPU
		{365B43AB-C603-417D-891D-33340127D3C9}.Release|Any CPU.Build.0 = Release|Any CPU
	EndGlobalSection
	GlobalSection(SolutionProperties) = preSolution
		HideSolutionNode = FALSE
	EndGlobalSection
	GlobalSection(ExtensibilityGlobals) = postSolution
		SolutionGuid = {A561FD2F-BAAE-4755-AF8D-CEAC40516CB8}
	EndGlobalSection
EndGlobal
